// !$*UTF8*$!
{
	archiveVersion = 1;
	classes = {
	};
	objectVersion = 52;
	objects = {

/* Begin PBXBuildFile section */
		5239BA6E25FB8A7100ED76B4 /* AppDelegate.swift in Sources */ = {isa = PBXBuildFile; fileRef = 5239BA6D25FB8A7100ED76B4 /* AppDelegate.swift */; };
		5239BA7025FB8A7100ED76B4 /* SceneDelegate.swift in Sources */ = {isa = PBXBuildFile; fileRef = 5239BA6F25FB8A7100ED76B4 /* SceneDelegate.swift */; };
		5239BA7225FB8A7100ED76B4 /* ViewController.swift in Sources */ = {isa = PBXBuildFile; fileRef = 5239BA7125FB8A7100ED76B4 /* ViewController.swift */; };
		5239BA7525FB8A7100ED76B4 /* Main.storyboard in Resources */ = {isa = PBXBuildFile; fileRef = 5239BA7325FB8A7100ED76B4 /* Main.storyboard */; };
		5239BA7725FB8A7400ED76B4 /* Assets.xcassets in Resources */ = {isa = PBXBuildFile; fileRef = 5239BA7625FB8A7400ED76B4 /* Assets.xcassets */; };
		5239BA7A25FB8A7400ED76B4 /* LaunchScreen.storyboard in Resources */ = {isa = PBXBuildFile; fileRef = 5239BA7825FB8A7400ED76B4 /* LaunchScreen.storyboard */; };
		5239BA8525FB8A7400ED76B4 /* CyberToolsTests.swift in Sources */ = {isa = PBXBuildFile; fileRef = 5239BA8425FB8A7400ED76B4 /* CyberToolsTests.swift */; };
		5239BA9025FB8A7500ED76B4 /* CyberToolsUITests.swift in Sources */ = {isa = PBXBuildFile; fileRef = 5239BA8F25FB8A7500ED76B4 /* CyberToolsUITests.swift */; };
		5239BAA125FB8AEF00ED76B4 /* NumerationTranfer.swift in Sources */ = {isa = PBXBuildFile; fileRef = 5239BAA025FB8AEF00ED76B4 /* NumerationTranfer.swift */; };
		5239BAA625FB8BAC00ED76B4 /* JNWCyberToolsMenuViewController.swift in Sources */ = {isa = PBXBuildFile; fileRef = 5239BAA525FB8BAC00ED76B4 /* JNWCyberToolsMenuViewController.swift */; };
		5239BAAC25FB8E8700ED76B4 /* SnapKit in Frameworks */ = {isa = PBXBuildFile; productRef = 5239BAAB25FB8E8700ED76B4 /* SnapKit */; };
		5239BAB425FB916700ED76B4 /* JNWNavigationViewController.swift in Sources */ = {isa = PBXBuildFile; fileRef = 5239BAB325FB916600ED76B4 /* JNWNavigationViewController.swift */; };
		5239BAB925FB922000ED76B4 /* JNWNumerationTranferViewController.swift in Sources */ = {isa = PBXBuildFile; fileRef = 5239BAB825FB922000ED76B4 /* JNWNumerationTranferViewController.swift */; };
/* End PBXBuildFile section */

/* Begin PBXContainerItemProxy section */
		5239BA8125FB8A7400ED76B4 /* PBXContainerItemProxy */ = {
			isa = PBXContainerItemProxy;
			containerPortal = 5239BA6225FB8A7000ED76B4 /* Project object */;
			proxyType = 1;
			remoteGlobalIDString = 5239BA6925FB8A7000ED76B4;
			remoteInfo = CyberTools;
		};
		5239BA8C25FB8A7500ED76B4 /* PBXContainerItemProxy */ = {
			isa = PBXContainerItemProxy;
			containerPortal = 5239BA6225FB8A7000ED76B4 /* Project object */;
			proxyType = 1;
			remoteGlobalIDString = 5239BA6925FB8A7000ED76B4;
			remoteInfo = CyberTools;
		};
/* End PBXContainerItemProxy section */

/* Begin PBXFileReference section */
		5239BA6A25FB8A7000ED76B4 /* CyberTools.app */ = {isa = PBXFileReference; explicitFileType = wrapper.application; includeInIndex = 0; path = CyberTools.app; sourceTree = BUILT_PRODUCTS_DIR; };
		5239BA6D25FB8A7100ED76B4 /* AppDelegate.swift */ = {isa = PBXFileReference; lastKnownFileType = sourcecode.swift; path = AppDelegate.swift; sourceTree = "<group>"; };
		5239BA6F25FB8A7100ED76B4 /* SceneDelegate.swift */ = {isa = PBXFileReference; lastKnownFileType = sourcecode.swift; path = SceneDelegate.swift; sourceTree = "<group>"; };
		5239BA7125FB8A7100ED76B4 /* ViewController.swift */ = {isa = PBXFileReference; lastKnownFileType = sourcecode.swift; path = ViewController.swift; sourceTree = "<group>"; };
		5239BA7425FB8A7100ED76B4 /* Base */ = {isa = PBXFileReference; lastKnownFileType = file.storyboard; name = Base; path = Base.lproj/Main.storyboard; sourceTree = "<group>"; };
		5239BA7625FB8A7400ED76B4 /* Assets.xcassets */ = {isa = PBXFileReference; lastKnownFileType = folder.assetcatalog; path = Assets.xcassets; sourceTree = "<group>"; };
		5239BA7925FB8A7400ED76B4 /* Base */ = {isa = PBXFileReference; lastKnownFileType = file.storyboard; name = Base; path = Base.lproj/LaunchScreen.storyboard; sourceTree = "<group>"; };
		5239BA7B25FB8A7400ED76B4 /* Info.plist */ = {isa = PBXFileReference; lastKnownFileType = text.plist.xml; path = Info.plist; sourceTree = "<group>"; };
		5239BA8025FB8A7400ED76B4 /* CyberToolsTests.xctest */ = {isa = PBXFileReference; explicitFileType = wrapper.cfbundle; includeInIndex = 0; path = CyberToolsTests.xctest; sourceTree = BUILT_PRODUCTS_DIR; };
		5239BA8425FB8A7400ED76B4 /* CyberToolsTests.swift */ = {isa = PBXFileReference; lastKnownFileType = sourcecode.swift; path = CyberToolsTests.swift; sourceTree = "<group>"; };
		5239BA8625FB8A7400ED76B4 /* Info.plist */ = {isa = PBXFileReference; lastKnownFileType = text.plist.xml; path = Info.plist; sourceTree = "<group>"; };
		5239BA8B25FB8A7500ED76B4 /* CyberToolsUITests.xctest */ = {isa = PBXFileReference; explicitFileType = wrapper.cfbundle; includeInIndex = 0; path = CyberToolsUITests.xctest; sourceTree = BUILT_PRODUCTS_DIR; };
		5239BA8F25FB8A7500ED76B4 /* CyberToolsUITests.swift */ = {isa = PBXFileReference; lastKnownFileType = sourcecode.swift; path = CyberToolsUITests.swift; sourceTree = "<group>"; };
		5239BA9125FB8A7500ED76B4 /* Info.plist */ = {isa = PBXFileReference; lastKnownFileType = text.plist.xml; path = Info.plist; sourceTree = "<group>"; };
		5239BAA025FB8AEF00ED76B4 /* NumerationTranfer.swift */ = {isa = PBXFileReference; lastKnownFileType = sourcecode.swift; path = NumerationTranfer.swift; sourceTree = "<group>"; };
		5239BAA525FB8BAC00ED76B4 /* JNWCyberToolsMenuViewController.swift */ = {isa = PBXFileReference; lastKnownFileType = sourcecode.swift; path = JNWCyberToolsMenuViewController.swift; sourceTree = "<group>"; };
		5239BAB325FB916600ED76B4 /* JNWNavigationViewController.swift */ = {isa = PBXFileReference; lastKnownFileType = sourcecode.swift; path = JNWNavigationViewController.swift; sourceTree = "<group>"; };
		5239BAB825FB922000ED76B4 /* JNWNumerationTranferViewController.swift */ = {isa = PBXFileReference; lastKnownFileType = sourcecode.swift; path = JNWNumerationTranferViewController.swift; sourceTree = "<group>"; };
/* End PBXFileReference section */

/* Begin PBXFrameworksBuildPhase section */
		5239BA6725FB8A7000ED76B4 /* Frameworks */ = {
			isa = PBXFrameworksBuildPhase;
			buildActionMask = 2147483647;
			files = (
				5239BAAC25FB8E8700ED76B4 /* SnapKit in Frameworks */,
			);
			runOnlyForDeploymentPostprocessing = 0;
		};
		5239BA7D25FB8A7400ED76B4 /* Frameworks */ = {
			isa = PBXFrameworksBuildPhase;
			buildActionMask = 2147483647;
			files = (
			);
			runOnlyForDeploymentPostprocessing = 0;
		};
		5239BA8825FB8A7500ED76B4 /* Frameworks */ = {
			isa = PBXFrameworksBuildPhase;
			buildActionMask = 2147483647;
			files = (
			);
			runOnlyForDeploymentPostprocessing = 0;
		};
/* End PBXFrameworksBuildPhase section */

/* Begin PBXGroup section */
		5239BA6125FB8A7000ED76B4 = {
			isa = PBXGroup;
			children = (
				5239BA6C25FB8A7100ED76B4 /* CyberTools */,
				5239BA8325FB8A7400ED76B4 /* CyberToolsTests */,
				5239BA8E25FB8A7500ED76B4 /* CyberToolsUITests */,
				5239BA6B25FB8A7000ED76B4 /* Products */,
			);
			sourceTree = "<group>";
		};
		5239BA6B25FB8A7000ED76B4 /* Products */ = {
			isa = PBXGroup;
			children = (
				5239BA6A25FB8A7000ED76B4 /* CyberTools.app */,
				5239BA8025FB8A7400ED76B4 /* CyberToolsTests.xctest */,
				5239BA8B25FB8A7500ED76B4 /* CyberToolsUITests.xctest */,
			);
			name = Products;
			sourceTree = "<group>";
		};
		5239BA6C25FB8A7100ED76B4 /* CyberTools */ = {
			isa = PBXGroup;
			children = (
				5239BA6D25FB8A7100ED76B4 /* AppDelegate.swift */,
				5239BA6F25FB8A7100ED76B4 /* SceneDelegate.swift */,
				5239BA7125FB8A7100ED76B4 /* ViewController.swift */,
				5239BA7325FB8A7100ED76B4 /* Main.storyboard */,
				5239BA7625FB8A7400ED76B4 /* Assets.xcassets */,
				5239BA7825FB8A7400ED76B4 /* LaunchScreen.storyboard */,
				5239BA7B25FB8A7400ED76B4 /* Info.plist */,
				5239BAA025FB8AEF00ED76B4 /* NumerationTranfer.swift */,
				5239BAA525FB8BAC00ED76B4 /* JNWCyberToolsMenuViewController.swift */,
				5239BAB325FB916600ED76B4 /* JNWNavigationViewController.swift */,
				5239BAB825FB922000ED76B4 /* JNWNumerationTranferViewController.swift */,
			);
			path = CyberTools;
			sourceTree = "<group>";
		};
		5239BA8325FB8A7400ED76B4 /* CyberToolsTests */ = {
			isa = PBXGroup;
			children = (
				5239BA8425FB8A7400ED76B4 /* CyberToolsTests.swift */,
				5239BA8625FB8A7400ED76B4 /* Info.plist */,
			);
			path = CyberToolsTests;
			sourceTree = "<group>";
		};
		5239BA8E25FB8A7500ED76B4 /* CyberToolsUITests */ = {
			isa = PBXGroup;
			children = (
				5239BA8F25FB8A7500ED76B4 /* CyberToolsUITests.swift */,
				5239BA9125FB8A7500ED76B4 /* Info.plist */,
			);
			path = CyberToolsUITests;
			sourceTree = "<group>";
		};
/* End PBXGroup section */

/* Begin PBXNativeTarget section */
		5239BA6925FB8A7000ED76B4 /* CyberTools */ = {
			isa = PBXNativeTarget;
			buildConfigurationList = 5239BA9425FB8A7500ED76B4 /* Build configuration list for PBXNativeTarget "CyberTools" */;
			buildPhases = (
				5239BA6625FB8A7000ED76B4 /* Sources */,
				5239BA6725FB8A7000ED76B4 /* Frameworks */,
				5239BA6825FB8A7000ED76B4 /* Resources */,
			);
			buildRules = (
			);
			dependencies = (
			);
			name = CyberTools;
			packageProductDependencies = (
				5239BAAB25FB8E8700ED76B4 /* SnapKit */,
			);
			productName = CyberTools;
			productReference = 5239BA6A25FB8A7000ED76B4 /* CyberTools.app */;
			productType = "com.apple.product-type.application";
		};
		5239BA7F25FB8A7400ED76B4 /* CyberToolsTests */ = {
			isa = PBXNativeTarget;
			buildConfigurationList = 5239BA9725FB8A7500ED76B4 /* Build configuration list for PBXNativeTarget "CyberToolsTests" */;
			buildPhases = (
				5239BA7C25FB8A7400ED76B4 /* Sources */,
				5239BA7D25FB8A7400ED76B4 /* Frameworks */,
				5239BA7E25FB8A7400ED76B4 /* Resources */,
			);
			buildRules = (
			);
			dependencies = (
				5239BA8225FB8A7400ED76B4 /* PBXTargetDependency */,
			);
			name = CyberToolsTests;
			productName = CyberToolsTests;
			productReference = 5239BA8025FB8A7400ED76B4 /* CyberToolsTests.xctest */;
			productType = "com.apple.product-type.bundle.unit-test";
		};
		5239BA8A25FB8A7500ED76B4 /* CyberToolsUITests */ = {
			isa = PBXNativeTarget;
			buildConfigurationList = 5239BA9A25FB8A7500ED76B4 /* Build configuration list for PBXNativeTarget "CyberToolsUITests" */;
			buildPhases = (
				5239BA8725FB8A7500ED76B4 /* Sources */,
				5239BA8825FB8A7500ED76B4 /* Frameworks */,
				5239BA8925FB8A7500ED76B4 /* Resources */,
			);
			buildRules = (
			);
			dependencies = (
				5239BA8D25FB8A7500ED76B4 /* PBXTargetDependency */,
			);
			name = CyberToolsUITests;
			productName = CyberToolsUITests;
			productReference = 5239BA8B25FB8A7500ED76B4 /* CyberToolsUITests.xctest */;
			productType = "com.apple.product-type.bundle.ui-testing";
		};
/* End PBXNativeTarget section */

/* Begin PBXProject section */
		5239BA6225FB8A7000ED76B4 /* Project object */ = {
			isa = PBXProject;
			attributes = {
				LastSwiftUpdateCheck = 1240;
				LastUpgradeCheck = 1240;
				TargetAttributes = {
					5239BA6925FB8A7000ED76B4 = {
						CreatedOnToolsVersion = 12.4;
					};
					5239BA7F25FB8A7400ED76B4 = {
						CreatedOnToolsVersion = 12.4;
						TestTargetID = 5239BA6925FB8A7000ED76B4;
					};
					5239BA8A25FB8A7500ED76B4 = {
						CreatedOnToolsVersion = 12.4;
						TestTargetID = 5239BA6925FB8A7000ED76B4;
					};
				};
			};
			buildConfigurationList = 5239BA6525FB8A7000ED76B4 /* Build configuration list for PBXProject "CyberTools" */;
			compatibilityVersion = "Xcode 9.3";
			developmentRegion = en;
			hasScannedForEncodings = 0;
			knownRegions = (
				en,
				Base,
			);
			mainGroup = 5239BA6125FB8A7000ED76B4;
			packageReferences = (
				5239BAAA25FB8E8700ED76B4 /* XCRemoteSwiftPackageReference "SnapKit" */,
			);
			productRefGroup = 5239BA6B25FB8A7000ED76B4 /* Products */;
			projectDirPath = "";
			projectRoot = "";
			targets = (
				5239BA6925FB8A7000ED76B4 /* CyberTools */,
				5239BA7F25FB8A7400ED76B4 /* CyberToolsTests */,
				5239BA8A25FB8A7500ED76B4 /* CyberToolsUITests */,
			);
		};
/* End PBXProject section */

/* Begin PBXResourcesBuildPhase section */
		5239BA6825FB8A7000ED76B4 /* Resources */ = {
			isa = PBXResourcesBuildPhase;
			buildActionMask = 2147483647;
			files = (
				5239BA7A25FB8A7400ED76B4 /* LaunchScreen.storyboard in Resources */,
				5239BA7725FB8A7400ED76B4 /* Assets.xcassets in Resources */,
				5239BA7525FB8A7100ED76B4 /* Main.storyboard in Resources */,
			);
			runOnlyForDeploymentPostprocessing = 0;
		};
		5239BA7E25FB8A7400ED76B4 /* Resources */ = {
			isa = PBXResourcesBuildPhase;
			buildActionMask = 2147483647;
			files = (
			);
			runOnlyForDeploymentPostprocessing = 0;
		};
		5239BA8925FB8A7500ED76B4 /* Resources */ = {
			isa = PBXResourcesBuildPhase;
			buildActionMask = 2147483647;
			files = (
			);
			runOnlyForDeploymentPostprocessing = 0;
		};
/* End PBXResourcesBuildPhase section */

/* Begin PBXSourcesBuildPhase section */
		5239BA6625FB8A7000ED76B4 /* Sources */ = {
			isa = PBXSourcesBuildPhase;
			buildActionMask = 2147483647;
			files = (
				5239BAB925FB922000ED76B4 /* JNWNumerationTranferViewController.swift in Sources */,
				5239BAA625FB8BAC00ED76B4 /* JNWCyberToolsMenuViewController.swift in Sources */,
				5239BA7225FB8A7100ED76B4 /* ViewController.swift in Sources */,
				5239BAB425FB916700ED76B4 /* JNWNavigationViewController.swift in Sources */,
				5239BA6E25FB8A7100ED76B4 /* AppDelegate.swift in Sources */,
				5239BAA125FB8AEF00ED76B4 /* NumerationTranfer.swift in Sources */,
				5239BA7025FB8A7100ED76B4 /* SceneDelegate.swift in Sources */,
			);
			runOnlyForDeploymentPostprocessing = 0;
		};
		5239BA7C25FB8A7400ED76B4 /* Sources */ = {
			isa = PBXSourcesBuildPhase;
			buildActionMask = 2147483647;
			files = (
				5239BA8525FB8A7400ED76B4 /* CyberToolsTests.swift in Sources */,
			);
			runOnlyForDeploymentPostprocessing = 0;
		};
		5239BA8725FB8A7500ED76B4 /* Sources */ = {
			isa = PBXSourcesBuildPhase;
			buildActionMask = 2147483647;
			files = (
				5239BA9025FB8A7500ED76B4 /* CyberToolsUITests.swift in Sources */,
			);
			runOnlyForDeploymentPostprocessing = 0;
		};
/* End PBXSourcesBuildPhase section */

/* Begin PBXTargetDependency section */
		5239BA8225FB8A7400ED76B4 /* PBXTargetDependency */ = {
			isa = PBXTargetDependency;
			target = 5239BA6925FB8A7000ED76B4 /* CyberTools */;
			targetProxy = 5239BA8125FB8A7400ED76B4 /* PBXContainerItemProxy */;
		};
		5239BA8D25FB8A7500ED76B4 /* PBXTargetDependency */ = {
			isa = PBXTargetDependency;
			target = 5239BA6925FB8A7000ED76B4 /* CyberTools */;
			targetProxy = 5239BA8C25FB8A7500ED76B4 /* PBXContainerItemProxy */;
		};
/* End PBXTargetDependency section */

/* Begin PBXVariantGroup section */
		5239BA7325FB8A7100ED76B4 /* Main.storyboard */ = {
			isa = PBXVariantGroup;
			children = (
				5239BA7425FB8A7100ED76B4 /* Base */,
			);
			name = Main.storyboard;
			sourceTree = "<group>";
		};
		5239BA7825FB8A7400ED76B4 /* LaunchScreen.storyboard */ = {
			isa = PBXVariantGroup;
			children = (
				5239BA7925FB8A7400ED76B4 /* Base */,
			);
			name = LaunchScreen.storyboard;
			sourceTree = "<group>";
		};
/* End PBXVariantGroup section */

/* Begin XCBuildConfiguration section */
		5239BA9225FB8A7500ED76B4 /* Debug */ = {
			isa = XCBuildConfiguration;
			buildSettings = {
				ALWAYS_SEARCH_USER_PATHS = NO;
				CLANG_ANALYZER_NONNULL = YES;
				CLANG_ANALYZER_NUMBER_OBJECT_CONVERSION = YES_AGGRESSIVE;
				CLANG_CXX_LANGUAGE_STANDARD = "gnu++14";
				CLANG_CXX_LIBRARY = "libc++";
				CLANG_ENABLE_MODULES = YES;
				CLANG_ENABLE_OBJC_ARC = YES;
				CLANG_ENABLE_OBJC_WEAK = YES;
				CLANG_WARN_BLOCK_CAPTURE_AUTORELEASING = YES;
				CLANG_WARN_BOOL_CONVERSION = YES;
				CLANG_WARN_COMMA = YES;
				CLANG_WARN_CONSTANT_CONVERSION = YES;
				CLANG_WARN_DEPRECATED_OBJC_IMPLEMENTATIONS = YES;
				CLANG_WARN_DIRECT_OBJC_ISA_USAGE = YES_ERROR;
				CLANG_WARN_DOCUMENTATION_COMMENTS = YES;
				CLANG_WARN_EMPTY_BODY = YES;
				CLANG_WARN_ENUM_CONVERSION = YES;
				CLANG_WARN_INFINITE_RECURSION = YES;
				CLANG_WARN_INT_CONVERSION = YES;
				CLANG_WARN_NON_LITERAL_NULL_CONVERSION = YES;
				CLANG_WARN_OBJC_IMPLICIT_RETAIN_SELF = YES;
				CLANG_WARN_OBJC_LITERAL_CONVERSION = YES;
				CLANG_WARN_OBJC_ROOT_CLASS = YES_ERROR;
				CLANG_WARN_QUOTED_INCLUDE_IN_FRAMEWORK_HEADER = YES;
				CLANG_WARN_RANGE_LOOP_ANALYSIS = YES;
				CLANG_WARN_STRICT_PROTOTYPES = YES;
				CLANG_WARN_SUSPICIOUS_MOVE = YES;
				CLANG_WARN_UNGUARDED_AVAILABILITY = YES_AGGRESSIVE;
				CLANG_WARN_UNREACHABLE_CODE = YES;
				CLANG_WARN__DUPLICATE_METHOD_MATCH = YES;
				COPY_PHASE_STRIP = NO;
				DEBUG_INFORMATION_FORMAT = dwarf;
				ENABLE_STRICT_OBJC_MSGSEND = YES;
				ENABLE_TESTABILITY = YES;
				GCC_C_LANGUAGE_STANDARD = gnu11;
				GCC_DYNAMIC_NO_PIC = NO;
				GCC_NO_COMMON_BLOCKS = YES;
				GCC_OPTIMIZATION_LEVEL = 0;
				GCC_PREPROCESSOR_DEFINITIONS = (
					"DEBUG=1",
					"$(inherited)",
				);
				GCC_WARN_64_TO_32_BIT_CONVERSION = YES;
				GCC_WARN_ABOUT_RETURN_TYPE = YES_ERROR;
				GCC_WARN_UNDECLARED_SELECTOR = YES;
				GCC_WARN_UNINITIALIZED_AUTOS = YES_AGGRESSIVE;
				GCC_WARN_UNUSED_FUNCTION = YES;
				GCC_WARN_UNUSED_VARIABLE = YES;
				IPHONEOS_DEPLOYMENT_TARGET = 14.4;
				MTL_ENABLE_DEBUG_INFO = INCLUDE_SOURCE;
				MTL_FAST_MATH = YES;
				ONLY_ACTIVE_ARCH = YES;
				SDKROOT = iphoneos;
				SWIFT_ACTIVE_COMPILATION_CONDITIONS = DEBUG;
				SWIFT_OPTIMIZATION_LEVEL = "-Onone";
			};
			name = Debug;
		};
		5239BA9325FB8A7500ED76B4 /* Release */ = {
			isa = XCBuildConfiguration;
			buildSettings = {
				ALWAYS_SEARCH_USER_PATHS = NO;
				CLANG_ANALYZER_NONNULL = YES;
				CLANG_ANALYZER_NUMBER_OBJECT_CONVERSION = YES_AGGRESSIVE;
				CLANG_CXX_LANGUAGE_STANDARD = "gnu++14";
				CLANG_CXX_LIBRARY = "libc++";
				CLANG_ENABLE_MODULES = YES;
				CLANG_ENABLE_OBJC_ARC = YES;
				CLANG_ENABLE_OBJC_WEAK = YES;
				CLANG_WARN_BLOCK_CAPTURE_AUTORELEASING = YES;
				CLANG_WARN_BOOL_CONVERSION = YES;
				CLANG_WARN_COMMA = YES;
				CLANG_WARN_CONSTANT_CONVERSION = YES;
				CLANG_WARN_DEPRECATED_OBJC_IMPLEMENTATIONS = YES;
				CLANG_WARN_DIRECT_OBJC_ISA_USAGE = YES_ERROR;
				CLANG_WARN_DOCUMENTATION_COMMENTS = YES;
				CLANG_WARN_EMPTY_BODY = YES;
				CLANG_WARN_ENUM_CONVERSION = YES;
				CLANG_WARN_INFINITE_RECURSION = YES;
				CLANG_WARN_INT_CONVERSION = YES;
				CLANG_WARN_NON_LITERAL_NULL_CONVERSION = YES;
				CLANG_WARN_OBJC_IMPLICIT_RETAIN_SELF = YES;
				CLANG_WARN_OBJC_LITERAL_CONVERSION = YES;
				CLANG_WARN_OBJC_ROOT_CLASS = YES_ERROR;
				CLANG_WARN_QUOTED_INCLUDE_IN_FRAMEWORK_HEADER = YES;
				CLANG_WARN_RANGE_LOOP_ANALYSIS = YES;
				CLANG_WARN_STRICT_PROTOTYPES = YES;
				CLANG_WARN_SUSPICIOUS_MOVE = YES;
				CLANG_WARN_UNGUARDED_AVAILABILITY = YES_AGGRESSIVE;
				CLANG_WARN_UNREACHABLE_CODE = YES;
				CLANG_WARN__DUPLICATE_METHOD_MATCH = YES;
				COPY_PHASE_STRIP = NO;
				DEBUG_INFORMATION_FORMAT = "dwarf-with-dsym";
				ENABLE_NS_ASSERTIONS = NO;
				ENABLE_STRICT_OBJC_MSGSEND = YES;
				GCC_C_LANGUAGE_STANDARD = gnu11;
				GCC_NO_COMMON_BLOCKS = YES;
				GCC_WARN_64_TO_32_BIT_CONVERSION = YES;
				GCC_WARN_ABOUT_RETURN_TYPE = YES_ERROR;
				GCC_WARN_UNDECLARED_SELECTOR = YES;
				GCC_WARN_UNINITIALIZED_AUTOS = YES_AGGRESSIVE;
				GCC_WARN_UNUSED_FUNCTION = YES;
				GCC_WARN_UNUSED_VARIABLE = YES;
				IPHONEOS_DEPLOYMENT_TARGET = 14.4;
				MTL_ENABLE_DEBUG_INFO = NO;
				MTL_FAST_MATH = YES;
				SDKROOT = iphoneos;
				SWIFT_COMPILATION_MODE = wholemodule;
				SWIFT_OPTIMIZATION_LEVEL = "-O";
				VALIDATE_PRODUCT = YES;
			};
			name = Release;
		};
		5239BA9525FB8A7500ED76B4 /* Debug */ = {
			isa = XCBuildConfiguration;
			buildSettings = {
				ASSETCATALOG_COMPILER_APPICON_NAME = AppIcon;
				ASSETCATALOG_COMPILER_GLOBAL_ACCENT_COLOR_NAME = AccentColor;
				CODE_SIGN_STYLE = Automatic;
				INFOPLIST_FILE = CyberTools/Info.plist;
				LD_RUNPATH_SEARCH_PATHS = (
					"$(inherited)",
					"@executable_path/Frameworks",
				);
				PRODUCT_BUNDLE_IDENTIFIER = com.john.CyberTools;
				PRODUCT_NAME = "$(TARGET_NAME)";
				SWIFT_VERSION = 5.0;
				TARGETED_DEVICE_FAMILY = "1,2";
			};
			name = Debug;
		};
		5239BA9625FB8A7500ED76B4 /* Release */ = {
			isa = XCBuildConfiguration;
			buildSettings = {
				ASSETCATALOG_COMPILER_APPICON_NAME = AppIcon;
				ASSETCATALOG_COMPILER_GLOBAL_ACCENT_COLOR_NAME = AccentColor;
				CODE_SIGN_STYLE = Automatic;
				INFOPLIST_FILE = CyberTools/Info.plist;
				LD_RUNPATH_SEARCH_PATHS = (
					"$(inherited)",
					"@executable_path/Frameworks",
				);
				PRODUCT_BUNDLE_IDENTIFIER = com.john.CyberTools;
				PRODUCT_NAME = "$(TARGET_NAME)";
				SWIFT_VERSION = 5.0;
				TARGETED_DEVICE_FAMILY = "1,2";
			};
			name = Release;
		};
		5239BA9825FB8A7500ED76B4 /* Debug */ = {
			isa = XCBuildConfiguration;
			buildSettings = {
				ALWAYS_EMBED_SWIFT_STANDARD_LIBRARIES = YES;
				BUNDLE_LOADER = "$(TEST_HOST)";
				CODE_SIGN_STYLE = Automatic;
				INFOPLIST_FILE = CyberToolsTests/Info.plist;
				IPHONEOS_DEPLOYMENT_TARGET = 14.4;
				LD_RUNPATH_SEARCH_PATHS = (
					"$(inherited)",
					"@executable_path/Frameworks",
					"@loader_path/Frameworks",
				);
				PRODUCT_BUNDLE_IDENTIFIER = com.john.CyberToolsTests;
				PRODUCT_NAME = "$(TARGET_NAME)";
				SWIFT_VERSION = 5.0;
				TARGETED_DEVICE_FAMILY = "1,2";
				TEST_HOST = "$(BUILT_PRODUCTS_DIR)/CyberTools.app/CyberTools";
			};
			name = Debug;
		};
		5239BA9925FB8A7500ED76B4 /* Release */ = {
			isa = XCBuildConfiguration;
			buildSettings = {
				ALWAYS_EMBED_SWIFT_STANDARD_LIBRARIES = YES;
				BUNDLE_LOADER = "$(TEST_HOST)";
				CODE_SIGN_STYLE = Automatic;
				INFOPLIST_FILE = CyberToolsTests/Info.plist;
				IPHONEOS_DEPLOYMENT_TARGET = 14.4;
				LD_RUNPATH_SEARCH_PATHS = (
					"$(inherited)",
					"@executable_path/Frameworks",
					"@loader_path/Frameworks",
				);
				PRODUCT_BUNDLE_IDENTIFIER = com.john.CyberToolsTests;
				PRODUCT_NAME = "$(TARGET_NAME)";
				SWIFT_VERSION = 5.0;
				TARGETED_DEVICE_FAMILY = "1,2";
				TEST_HOST = "$(BUILT_PRODUCTS_DIR)/CyberTools.app/CyberTools";
			};
			name = Release;
		};
		5239BA9B25FB8A7500ED76B4 /* Debug */ = {
			isa = XCBuildConfiguration;
			buildSettings = {
				ALWAYS_EMBED_SWIFT_STANDARD_LIBRARIES = YES;
				CODE_SIGN_STYLE = Automatic;
				INFOPLIST_FILE = CyberToolsUITests/Info.plist;
				LD_RUNPATH_SEARCH_PATHS = (
					"$(inherited)",
					"@executable_path/Frameworks",
					"@loader_path/Frameworks",
				);
				PRODUCT_BUNDLE_IDENTIFIER = com.john.CyberToolsUITests;
				PRODUCT_NAME = "$(TARGET_NAME)";
				SWIFT_VERSION = 5.0;
				TARGETED_DEVICE_FAMILY = "1,2";
				TEST_TARGET_NAME = CyberTools;
			};
			name = Debug;
		};
		5239BA9C25FB8A7500ED76B4 /* Release */ = {
			isa = XCBuildConfiguration;
			buildSettings = {
				ALWAYS_EMBED_SWIFT_STANDARD_LIBRARIES = YES;
				CODE_SIGN_STYLE = Automatic;
				INFOPLIST_FILE = CyberToolsUITests/Info.plist;
				LD_RUNPATH_SEARCH_PATHS = (
					"$(inherited)",
					"@executable_path/Frameworks",
					"@loader_path/Frameworks",
				);
				PRODUCT_BUNDLE_IDENTIFIER = com.john.CyberToolsUITests;
				PRODUCT_NAME = "$(TARGET_NAME)";
				SWIFT_VERSION = 5.0;
				TARGETED_DEVICE_FAMILY = "1,2";
				TEST_TARGET_NAME = CyberTools;
			};
			name = Release;
		};
/* End XCBuildConfiguration section */

/* Begin XCConfigurationList section */
		5239BA6525FB8A7000ED76B4 /* Build configuration list for PBXProject "CyberTools" */ = {
			isa = XCConfigurationList;
			buildConfigurations = (
				5239BA9225FB8A7500ED76B4 /* Debug */,
				5239BA9325FB8A7500ED76B4 /* Release */,
			);
			defaultConfigurationIsVisible = 0;
			defaultConfigurationName = Release;
		};
		5239BA9425FB8A7500ED76B4 /* Build configuration list for PBXNativeTarget "CyberTools" */ = {
			isa = XCConfigurationList;
			buildConfigurations = (
				5239BA9525FB8A7500ED76B4 /* Debug */,
				5239BA9625FB8A7500ED76B4 /* Release */,
			);
			defaultConfigurationIsVisible = 0;
			defaultConfigurationName = Release;
		};
		5239BA9725FB8A7500ED76B4 /* Build configuration list for PBXNativeTarget "CyberToolsTests" */ = {
			isa = XCConfigurationList;
			buildConfigurations = (
				5239BA9825FB8A7500ED76B4 /* Debug */,
				5239BA9925FB8A7500ED76B4 /* Release */,
			);
			defaultConfigurationIsVisible = 0;
			defaultConfigurationName = Release;
		};
		5239BA9A25FB8A7500ED76B4 /* Build configuration list for PBXNativeTarget "CyberToolsUITests" */ = {
			isa = XCConfigurationList;
			buildConfigurations = (
				5239BA9B25FB8A7500ED76B4 /* Debug */,
				5239BA9C25FB8A7500ED76B4 /* Release */,
			);
			defaultConfigurationIsVisible = 0;
			defaultConfigurationName = Release;
		};
/* End XCConfigurationList section */

/* Begin XCRemoteSwiftPackageReference section */
		5239BAAA25FB8E8700ED76B4 /* XCRemoteSwiftPackageReference "SnapKit" */ = {
			isa = XCRemoteSwiftPackageReference;
			repositoryURL = "https://github.com/SnapKit/SnapKit.git";
			requirement = {
				kind = upToNextMajorVersion;
				minimumVersion = 5.0.1;
			};
		};
/* End XCRemoteSwiftPackageReference section */

/* Begin XCSwiftPackageProductDependency section */
		5239BAAB25FB8E8700ED76B4 /* SnapKit */ = {
			isa = XCSwiftPackageProductDependency;
			package = 5239BAAA25FB8E8700ED76B4 /* XCRemoteSwiftPackageReference "SnapKit" */;
			productName = SnapKit;
		};
/* End XCSwiftPackageProductDependency section */
	};
	rootObject = 5239BA6225FB8A7000ED76B4 /* Project object */;
}
